
Microsoft Visual Studio Solution File, Format Version 12.00
# Visual Studio Version 17
VisualStudioVersion = 17.1.32414.318
MinimumVisualStudioVersion = 10.0.40219.1
Project("{FAE04EC0-301F-11D3-BF4B-00C04F79EFBC}") = "Projetos_Delta", "Projetos_Delta\Projetos_Delta.csproj", "{D9FAF38F-E50D-4E12-AD49-EA3B0634843B}"
EndProject
Global
	GlobalSection(SolutionConfigurationPlatforms) = preSolution
		Debug|Any CPU = Debug|Any CPU
		Release|Any CPU = Release|Any CPU
	EndGlobalSection
	GlobalSection(ProjectConfigurationPlatforms) = postSolution
		{D9FAF38F-E50D-4E12-AD49-EA3B0634843B}.Debug|Any CPU.ActiveCfg = Debug|Any CPU
		{D9FAF38F-E50D-4E12-AD49-EA3B0634843B}.Debug|Any CPU.Build.0 = Debug|Any CPU
		{D9FAF38F-E50D-4E12-AD49-EA3B0634843B}.Release|Any CPU.ActiveCfg = Release|Any CPU
		{D9FAF38F-E50D-4E12-AD49-EA3B0634843B}.Release|Any CPU.Build.0 = Release|Any CPU
	EndGlobalSection
	GlobalSection(SolutionProperties) = preSolution
		HideSolutionNode = FALSE
	EndGlobalSection
	GlobalSection(ExtensibilityGlobals) = postSolution
		SolutionGuid = {4F6EB126-0F13-4F98-AB33-71057E861AAD}
	EndGlobalSection
EndGlobal
